lockfileVersion: '9.0'

settings:
  autoInstallPeers: false
  excludeLinksFromLockfile: false

importers:

  .:
    devDependencies:
      '@types/node':
        specifier: ^20.0.0
        version: 20.19.30
      '@types/react':
        specifier: ^18.0.0
        version: 18.3.27
      better-auth:
        specifier: ^1.5.1
        version: 1.5.1(@prisma/client@7.4.2(typescript@5.9.3))(react@19.2.3)(typescript@5.9.3)
      react:
        specifier: ^19.2.3
        version: 19.2.3
      typescript:
        specifier: ^5.0.0
        version: 5.9.3

packages:

  '@better-auth/core@1.5.1':
    resolution: {integrity: sha512-lHDoChK6FFy3+oawt/tl9S08LuYNnbT1o3HKxleFrRtQIyIdUKu38X8AUJ8ueB6sE+ju5YhxBqoCFhdb6Aa67A==}
    peerDependencies:
      '@better-auth/utils': 0.3.1
      '@better-fetch/fetch': 1.1.21
      '@cloudflare/workers-types': '>=4'
      better-call: 1.3.2
      jose: ^6.1.0
      kysely: ^0.28.5
      nanostores: ^1.0.1
    peerDependenciesMeta:
      '@cloudflare/workers-types':
        optional: true

  '@better-auth/drizzle-adapter@1.5.1':
    resolution: {integrity: sha512-0KKIpDTi1IWXVHL//H8w0S8oQ9KjdlE5YgN9mMloMbU1uyxZ0shhUiT8mC9025vwkZ7OXLywI2hFeGJ+mcdRBQ==}
    peerDependencies:
      '@better-auth/core': 1.5.1
      '@better-auth/utils': ^0.3.0
      drizzle-orm: '>=0.41.0'

  '@better-auth/kysely-adapter@1.5.1':
    resolution: {integrity: sha512-OuhmNKjxpHlSw214kww4/tGfLHjtyC/HzN6Q/HulUeRF5QyCCHqj0y44ba6WGj3hcGsvPUkdUk4SayKXCrUCFw==}
    peerDependencies:
      '@better-auth/core': 1.5.1
      '@better-auth/utils': ^0.3.0
      kysely: ^0.27.0 || ^0.28.0

  '@better-auth/memory-adapter@1.5.1':
    resolution: {integrity: sha512-FSacaykLJXEizbnShF2FWZtWk5j0f87iq5Esjfd/7XHcF9nZeXn9Ju8jItDKeOWbEasOdfErEBqWSn30hmueRQ==}
    peerDependencies:
      '@better-auth/core': 1.5.1
      '@better-auth/utils': ^0.3.0

  '@better-auth/mongo-adapter@1.5.1':
    resolution: {integrity: sha512-BrbVuH1cqjs86Z6ae8OFEbvNLNxibddU4hDApVNtJcz7a/BaUPUdIM1Ep7HFhDozK7DrODXWZGLFXk+yV2pt3g==}
    peerDependencies:
      '@better-auth/core': 1.5.1
      '@better-auth/utils': ^0.3.0
      mongodb: ^6.0.0 || ^7.0.0

  '@better-auth/prisma-adapter@1.5.1':
    resolution: {integrity: sha512-24kBkBVaQbLnGe3/V/H+nX0hYaI+wNZFJhMnK16GQV7g6LyQw7UOcsd1xPDKtC61JCDmXEEEqXfnyuw5QITMVw==}
    peerDependencies:
      '@better-auth/core': 1.5.1
      '@better-auth/utils': ^0.3.0
      prisma: ^5.0.0 || ^6.0.0 || ^7.0.0

  '@better-auth/telemetry@1.5.1':
    resolution: {integrity: sha512-bHn9sdmf1bWUiC75J8FIF3rAEnL5ICihY5IBoXKVwxemaB3jSXL/sG9OpmadapPXlC8BY2OuATxdg39qbg+JlA==}
    peerDependencies:
      '@better-auth/core': 1.5.1

  '@better-auth/utils@0.3.1':
    resolution: {integrity: sha512-+CGp4UmZSUrHHnpHhLPYu6cV+wSUSvVbZbNykxhUDocpVNTo9uFFxw/NqJlh1iC4wQ9HKKWGCKuZ5wUgS0v6Kg==}

  '@better-fetch/fetch@1.1.21':
    resolution: {integrity: sha512-/ImESw0sskqlVR94jB+5+Pxjf+xBwDZF/N5+y2/q4EqD7IARUTSpPfIo8uf39SYpCxyOCtbyYpUrZ3F/k0zT4A==}

  '@noble/ciphers@2.1.1':
    resolution: {integrity: sha512-bysYuiVfhxNJuldNXlFEitTVdNnYUc+XNJZd7Qm2a5j1vZHgY+fazadNFWFaMK/2vye0JVlxV3gHmC0WDfAOQw==}
    engines: {node: '>= 20.19.0'}

  '@noble/hashes@2.0.1':
    resolution: {integrity: sha512-XlOlEbQcE9fmuXxrVTXCTlG2nlRXa9Rj3rr5Ue/+tX+nmkgbX720YHh0VR3hBF9xDvwnb8D2shVGOwNx+ulArw==}
    engines: {node: '>= 20.19.0'}

  '@prisma/client-runtime-utils@7.4.2':
    resolution: {integrity: sha512-cID+rzOEb38VyMsx5LwJMEY4NGIrWCNpKu/0ImbeooQ2Px7TI+kOt7cm0NelxUzF2V41UVVXAmYjANZQtCu1/Q==}

  '@prisma/client@7.4.2':
    resolution: {integrity: sha512-ts2mu+cQHriAhSxngO3StcYubBGTWDtu/4juZhXCUKOwgh26l+s4KD3vT2kMUzFyrYnll9u/3qWrtzRv9CGWzA==}
    engines: {node: ^20.19 || ^22.12 || >=24.0}
    peerDependencies:
      prisma: '*'
      typescript: '>=5.4.0'
    peerDependenciesMeta:
      prisma:
        optional: true
      typescript:
        optional: true

  '@standard-schema/spec@1.1.0':
    resolution: {integrity: sha512-l2aFy5jALhniG5HgqrD6jXLi/rUWrKvqN/qJx6yoJsgKhblVd+iqqU4RCXavm/jPityDo5TCvKMnpjKnOriy0w==}

  '@types/node@20.19.30':
    resolution: {integrity: sha512-WJtwWJu7UdlvzEAUm484QNg5eAoq5QR08KDNx7g45Usrs2NtOPiX8ugDqmKdXkyL03rBqU5dYNYVQetEpBHq2g==}

  '@types/prop-types@15.7.15':
    resolution: {integrity: sha512-F6bEyamV9jKGAFBEmlQnesRPGOQqS2+Uwi0Em15xenOxHaf2hv6L8YCVn3rPdPJOiJfPiCnLIRyvwVaqMY3MIw==}

  '@types/react@18.3.27':
    resolution: {integrity: sha512-cisd7gxkzjBKU2GgdYrTdtQx1SORymWyaAFhaxQPK9bYO9ot3Y5OikQRvY0VYQtvwjeQnizCINJAenh/V7MK2w==}

  better-auth@1.5.1:
    resolution: {integrity: sha512-Hnr4Ar49WpC0wyHFKYA86eQL5HhN5sNhtNquHrsH0T0r/IDqxDxAfW1VdSnTaXv4zc2WCXCQ8b1+InAopR2hAw==}
    peerDependencies:
      '@lynx-js/react': '*'
      '@prisma/client': ^5.0.0 || ^6.0.0 || ^7.0.0
      '@sveltejs/kit': ^2.0.0
      '@tanstack/react-start': ^1.0.0
      '@tanstack/solid-start': ^1.0.0
      better-sqlite3: ^12.0.0
      drizzle-kit: '>=0.31.4'
      drizzle-orm: '>=0.41.0'
      mongodb: ^6.0.0 || ^7.0.0
      mysql2: ^3.0.0
      next: ^14.0.0 || ^15.0.0 || ^16.0.0
      pg: ^8.0.0
      prisma: ^5.0.0 || ^6.0.0 || ^7.0.0
      react: ^18.0.0 || ^19.0.0
      react-dom: ^18.0.0 || ^19.0.0
      solid-js: ^1.0.0
      svelte: ^4.0.0 || ^5.0.0
      vitest: ^2.0.0 || ^3.0.0 || ^4.0.0
      vue: ^3.0.0
    peerDependenciesMeta:
      '@lynx-js/react':
        optional: true
      '@prisma/client':
        optional: true
      '@sveltejs/kit':
        optional: true
      '@tanstack/react-start':
        optional: true
      '@tanstack/solid-start':
        optional: true
      better-sqlite3:
        optional: true
      drizzle-kit:
        optional: true
      drizzle-orm:
        optional: true
      mongodb:
        optional: true
      mysql2:
        optional: true
      next:
        optional: true
      pg:
        optional: true
      prisma:
        optional: true
      react:
        optional: true
      react-dom:
        optional: true
      solid-js:
        optional: true
      svelte:
        optional: true
      vitest:
        optional: true
      vue:
        optional: true

  better-call@1.3.2:
    resolution: {integrity: sha512-4cZIfrerDsNTn3cm+MhLbUePN0gdwkhSXEuG7r/zuQ8c/H7iU0/jSK5TD3FW7U0MgKHce/8jGpPYNO4Ve+4NBw==}
    peerDependencies:
      zod: ^4.0.0
    peerDependenciesMeta:
      zod:
        optional: true

  csstype@3.2.3:
    resolution: {integrity: sha512-z1HGKcYy2xA8AGQfwrn0PAy+PB7X/GSj3UVJW9qKyn43xWa+gl5nXmU4qqLMRzWVLFC8KusUX8T/0kCiOYpAIQ==}

  defu@6.1.4:
    resolution: {integrity: sha512-mEQCMmwJu317oSz8CwdIOdwf3xMif1ttiM8LTufzc3g6kR+9Pe236twL8j3IYT1F7GfRgGcW6MWxzZjLIkuHIg==}

  jose@6.1.3:
    resolution: {integrity: sha512-0TpaTfihd4QMNwrz/ob2Bp7X04yuxJkjRGi4aKmOqwhov54i6u79oCv7T+C7lo70MKH6BesI3vscD1yb/yzKXQ==}

  kysely@0.28.11:
    resolution: {integrity: sha512-zpGIFg0HuoC893rIjYX1BETkVWdDnzTzF5e0kWXJFg5lE0k1/LfNWBejrcnOFu8Q2Rfq/hTDTU7XLUM8QOrpzg==}
    engines: {node: '>=20.0.0'}

  nanostores@1.1.1:
    resolution: {integrity: sha512-EYJqS25r2iBeTtGQCHidXl1VfZ1jXM7Q04zXJOrMlxVVmD0ptxJaNux92n1mJ7c5lN3zTq12MhH/8x59nP+qmg==}
    engines: {node: ^20.0.0 || >=22.0.0}

  react@19.2.3:
    resolution: {integrity: sha512-Ku/hhYbVjOQnXDZFv2+RibmLFGwFdeeKHFcOTlrt7xplBnya5OGn/hIRDsqDiSUcfORsDC7MPxwork8jBwsIWA==}
    engines: {node: '>=0.10.0'}

  rou3@0.7.12:
    resolution: {integrity: sha512-iFE4hLDuloSWcD7mjdCDhx2bKcIsYbtOTpfH5MHHLSKMOUyjqQXTeZVa289uuwEGEKFoE/BAPbhaU4B774nceg==}

  set-cookie-parser@3.0.1:
    resolution: {integrity: sha512-n7Z7dXZhJbwuAHhNzkTti6Aw9QDDjZtm3JTpTGATIdNzdQz5GuFs22w90BcvF4INfnrL5xrX3oGsuqO5Dx3A1Q==}

  typescript@5.9.3:
    resolution: {integrity: sha512-jl1vZzPDinLr9eUt3J/t7V6FgNEw9QjvBPdysz9KfQDD41fQrC2Y4vKQdiaUpFT4bXlb1RHhLpp8wtm6M5TgSw==}
    engines: {node: '>=14.17'}
    hasBin: true

  undici-types@6.21.0:
    resolution: {integrity: sha512-iwDZqg0QAGrg9Rav5H4n0M64c3mkR59cJ6wQp+7C4nI0gsmExaedaYLNO44eT4AtBBwjbTiGPMlt2Md0T9H9JQ==}

  zod@4.3.6:
    resolution: {integrity: sha512-rftlrkhHZOcjDwkGlnUtZZkvaPHCsDATp4pGpuOOMDaTdDDXF91wuVDJoWoPsKX/3YPQ5fHuF3STjcYyKr+Qhg==}

snapshots:

  '@better-auth/core@1.5.1(@better-auth/utils@0.3.1)(@better-fetch/fetch@1.1.21)(better-call@1.3.2(zod@4.3.6))(jose@6.1.3)(kysely@0.28.11)(nanostores@1.1.1)':
    dependencies:
      '@better-auth/utils': 0.3.1
      '@better-fetch/fetch': 1.1.21
      '@standard-schema/spec': 1.1.0
      better-call: 1.3.2(zod@4.3.6)
      jose: 6.1.3
      kysely: 0.28.11
      nanostores: 1.1.1
      zod: 4.3.6

  '@better-auth/drizzle-adapter@1.5.1(@better-auth/core@1.5.1(@better-auth/utils@0.3.1)(@better-fetch/fetch@1.1.21)(better-call@1.3.2(zod@4.3.6))(jose@6.1.3)(kysely@0.28.11)(nanostores@1.1.1))(@better-auth/utils@0.3.1)':
    dependencies:
      '@better-auth/core': 1.5.1(@better-auth/utils@0.3.1)(@better-fetch/fetch@1.1.21)(better-call@1.3.2(zod@4.3.6))(jose@6.1.3)(kysely@0.28.11)(nanostores@1.1.1)
      '@better-auth/utils': 0.3.1

  '@better-auth/kysely-adapter@1.5.1(@better-auth/core@1.5.1(@better-auth/utils@0.3.1)(@better-fetch/fetch@1.1.21)(better-call@1.3.2(zod@4.3.6))(jose@6.1.3)(kysely@0.28.11)(nanostores@1.1.1))(@better-auth/utils@0.3.1)(kysely@0.28.11)':
    dependencies:
      '@better-auth/core': 1.5.1(@better-auth/utils@0.3.1)(@better-fetch/fetch@1.1.21)(better-call@1.3.2(zod@4.3.6))(jose@6.1.3)(kysely@0.28.11)(nanostores@1.1.1)
      '@better-auth/utils': 0.3.1
      kysely: 0.28.11

  '@better-auth/memory-adapter@1.5.1(@better-auth/core@1.5.1(@better-auth/utils@0.3.1)(@better-fetch/fetch@1.1.21)(better-call@1.3.2(zod@4.3.6))(jose@6.1.3)(kysely@0.28.11)(nanostores@1.1.1))(@better-auth/utils@0.3.1)':
    dependencies:
      '@better-auth/core': 1.5.1(@better-auth/utils@0.3.1)(@better-fetch/fetch@1.1.21)(better-call@1.3.2(zod@4.3.6))(jose@6.1.3)(kysely@0.28.11)(nanostores@1.1.1)
      '@better-auth/utils': 0.3.1

  '@better-auth/mongo-adapter@1.5.1(@better-auth/core@1.5.1(@better-auth/utils@0.3.1)(@better-fetch/fetch@1.1.21)(better-call@1.3.2(zod@4.3.6))(jose@6.1.3)(kysely@0.28.11)(nanostores@1.1.1))(@better-auth/utils@0.3.1)':
    dependencies:
      '@better-auth/core': 1.5.1(@better-auth/utils@0.3.1)(@better-fetch/fetch@1.1.21)(better-call@1.3.2(zod@4.3.6))(jose@6.1.3)(kysely@0.28.11)(nanostores@1.1.1)
      '@better-auth/utils': 0.3.1

  '@better-auth/prisma-adapter@1.5.1(@better-auth/core@1.5.1(@better-auth/utils@0.3.1)(@better-fetch/fetch@1.1.21)(better-call@1.3.2(zod@4.3.6))(jose@6.1.3)(kysely@0.28.11)(nanostores@1.1.1))(@better-auth/utils@0.3.1)(typescript@5.9.3)':
    dependencies:
      '@better-auth/core': 1.5.1(@better-auth/utils@0.3.1)(@better-fetch/fetch@1.1.21)(better-call@1.3.2(zod@4.3.6))(jose@6.1.3)(kysely@0.28.11)(nanostores@1.1.1)
      '@better-auth/utils': 0.3.1
      '@prisma/client': 7.4.2(typescript@5.9.3)
    transitivePeerDependencies:
      - typescript

  '@better-auth/telemetry@1.5.1(@better-auth/core@1.5.1(@better-auth/utils@0.3.1)(@better-fetch/fetch@1.1.21)(better-call@1.3.2(zod@4.3.6))(jose@6.1.3)(kysely@0.28.11)(nanostores@1.1.1))':
    dependencies:
      '@better-auth/core': 1.5.1(@better-auth/utils@0.3.1)(@better-fetch/fetch@1.1.21)(better-call@1.3.2(zod@4.3.6))(jose@6.1.3)(kysely@0.28.11)(nanostores@1.1.1)
      '@better-auth/utils': 0.3.1
      '@better-fetch/fetch': 1.1.21

  '@better-auth/utils@0.3.1': {}

  '@better-fetch/fetch@1.1.21': {}

  '@noble/ciphers@2.1.1': {}

  '@noble/hashes@2.0.1': {}

  '@prisma/client-runtime-utils@7.4.2': {}

  '@prisma/client@7.4.2(typescript@5.9.3)':
    dependencies:
      '@prisma/client-runtime-utils': 7.4.2
    optionalDependencies:
      typescript: 5.9.3

  '@standard-schema/spec@1.1.0': {}

  '@types/node@20.19.30':
    dependencies:
      undici-types: 6.21.0

  '@types/prop-types@15.7.15': {}

  '@types/react@18.3.27':
    dependencies:
      '@types/prop-types': 15.7.15
      csstype: 3.2.3

  better-auth@1.5.1(@prisma/client@7.4.2(typescript@5.9.3))(react@19.2.3)(typescript@5.9.3):
    dependencies:
      '@better-auth/core': 1.5.1(@better-auth/utils@0.3.1)(@better-fetch/fetch@1.1.21)(better-call@1.3.2(zod@4.3.6))(jose@6.1.3)(kysely@0.28.11)(nanostores@1.1.1)
      '@better-auth/drizzle-adapter': 1.5.1(@better-auth/core@1.5.1(@better-auth/utils@0.3.1)(@better-fetch/fetch@1.1.21)(better-call@1.3.2(zod@4.3.6))(jose@6.1.3)(kysely@0.28.11)(nanostores@1.1.1))(@better-auth/utils@0.3.1)
      '@better-auth/kysely-adapter': 1.5.1(@better-auth/core@1.5.1(@better-auth/utils@0.3.1)(@better-fetch/fetch@1.1.21)(better-call@1.3.2(zod@4.3.6))(jose@6.1.3)(kysely@0.28.11)(nanostores@1.1.1))(@better-auth/utils@0.3.1)(kysely@0.28.11)
      '@better-auth/memory-adapter': 1.5.1(@better-auth/core@1.5.1(@better-auth/utils@0.3.1)(@better-fetch/fetch@1.1.21)(better-call@1.3.2(zod@4.3.6))(jose@6.1.3)(kysely@0.28.11)(nanostores@1.1.1))(@better-auth/utils@0.3.1)
      '@better-auth/mongo-adapter': 1.5.1(@better-auth/core@1.5.1(@better-auth/utils@0.3.1)(@better-fetch/fetch@1.1.21)(better-call@1.3.2(zod@4.3.6))(jose@6.1.3)(kysely@0.28.11)(nanostores@1.1.1))(@better-auth/utils@0.3.1)
      '@better-auth/prisma-adapter': 1.5.1(@better-auth/core@1.5.1(@better-auth/utils@0.3.1)(@better-fetch/fetch@1.1.21)(better-call@1.3.2(zod@4.3.6))(jose@6.1.3)(kysely@0.28.11)(nanostores@1.1.1))(@better-auth/utils@0.3.1)(typescript@5.9.3)
      '@better-auth/telemetry': 1.5.1(@better-auth/core@1.5.1(@better-auth/utils@0.3.1)(@better-fetch/fetch@1.1.21)(better-call@1.3.2(zod@4.3.6))(jose@6.1.3)(kysely@0.28.11)(nanostores@1.1.1))
      '@better-auth/utils': 0.3.1
      '@better-fetch/fetch': 1.1.21
      '@noble/ciphers': 2.1.1
      '@noble/hashes': 2.0.1
      better-call: 1.3.2(zod@4.3.6)
      defu: 6.1.4
      jose: 6.1.3
      kysely: 0.28.11
      nanostores: 1.1.1
      zod: 4.3.6
    optionalDependencies:
      '@prisma/client': 7.4.2(typescript@5.9.3)
      react: 19.2.3
    transitivePeerDependencies:
      - '@cloudflare/workers-types'
      - typescript

  better-call@1.3.2(zod@4.3.6):
    dependencies:
      '@better-auth/utils': 0.3.1
      '@better-fetch/fetch': 1.1.21
      rou3: 0.7.12
      set-cookie-parser: 3.0.1
    optionalDependencies:
      zod: 4.3.6

  csstype@3.2.3: {}

  defu@6.1.4: {}

  jose@6.1.3: {}

  kysely@0.28.11: {}

  nanostores@1.1.1: {}

  react@19.2.3: {}

  rou3@0.7.12: {}

  set-cookie-parser@3.0.1: {}

  typescript@5.9.3: {}

  undici-types@6.21.0: {}

  zod@4.3.6: {}
